
Microsoft Visual Studio Solution File, Format Version 12.00
# Visual Studio Version 16
VisualStudioVersion = 16.0.29001.49
MinimumVisualStudioVersion = 10.0.40219.1
Project("{FAE04EC0-301F-11D3-BF4B-00C04F79EFBC}") = "Specter_System", "Specter_System\Specter_System.csproj", "{BB6666EF-5310-4278-A63F-4F5E0949658B}"
EndProject
Project("{FAE04EC0-301F-11D3-BF4B-00C04F79EFBC}") = "Specter_System.Validations", "Specter_System.Validations\Specter_System.Validations.csproj", "{27185514-DA83-46EA-B867-E7666DD6E1F3}"
EndProject
Global
	GlobalSection(SolutionConfigurationPlatforms) = preSolution
		Debug|Any CPU = Debug|Any CPU
		Release|Any CPU = Release|Any CPU
	EndGlobalSection
	GlobalSection(ProjectConfigurationPlatforms) = postSolution
		{BB6666EF-5310-4278-A63F-4F5E0949658B}.Debug|Any CPU.ActiveCfg = Debug|Any CPU
		{BB6666EF-5310-4278-A63F-4F5E0949658B}.Debug|Any CPU.Build.0 = Debug|Any CPU
		{BB6666EF-5310-4278-A63F-4F5E0949658B}.Release|Any CPU.ActiveCfg = Release|Any CPU
		{BB6666EF-5310-4278-A63F-4F5E0949658B}.Release|Any CPU.Build.0 = Release|Any CPU
		{27185514-DA83-46EA-B867-E7666DD6E1F3}.Debug|Any CPU.ActiveCfg = Debug|Any CPU
		{27185514-DA83-46EA-B867-E7666DD6E1F3}.Debug|Any CPU.Build.0 = Debug|Any CPU
		{27185514-DA83-46EA-B867-E7666DD6E1F3}.Release|Any CPU.ActiveCfg = Release|Any CPU
		{27185514-DA83-46EA-B867-E7666DD6E1F3}.Release|Any CPU.Build.0 = Release|Any CPU
	EndGlobalSection
	GlobalSection(SolutionProperties) = preSolution
		HideSolutionNode = FALSE
	EndGlobalSection
	GlobalSection(ExtensibilityGlobals) = postSolution
		SolutionGuid = {D70123F0-4C54-437A-A19D-6617EECCC4EE}
	EndGlobalSection
EndGlobal
